
Microsoft Visual Studio Solution File, Format Version 12.00
# Visual Studio 14
VisualStudioVersion = 14.0.25420.1
MinimumVisualStudioVersion = 10.0.40219.1
Project("{8BC9CEB8-8B4A-11D0-8D11-00A0C91BC942}") = "CubeView", "CubeView.vcxproj", "{ED174D73-9139-4396-8407-FA8407C73326}"
EndProject
Project("{8BC9CEB8-8B4A-11D0-8D11-00A0C91BC942}") = "adjuster", "adjuster.vcxproj", "{ED2D86F5-A67B-40FA-8DFF-2908CE69E7BC}"
EndProject
Project("{8BC9CEB8-8B4A-11D0-8D11-00A0C91BC942}") = "arc", "arc.vcxproj", "{5A1BC0B9-67A0-450A-9D69-822589A7B565}"
EndProject
Project("{8BC9CEB8-8B4A-11D0-8D11-00A0C91BC942}") = "ask", "ask.vcxproj", "{0D40C3C2-C137-4520-ABBB-0ECE55451A55}"
EndProject
Project("{8BC9CEB8-8B4A-11D0-8D11-00A0C91BC942}") = "bitmap", "bitmap.vcxproj", "{46B902C1-6B71-460D-8CD6-44F758021FDF}"
EndProject
Project("{8BC9CEB8-8B4A-11D0-8D11-00A0C91BC942}") = "blocks", "blocks.vcxproj", "{F8C52B45-E083-4744-B70D-38F917FBE998}"
EndProject
Project("{8BC9CEB8-8B4A-11D0-8D11-00A0C91BC942}") = "boxtype", "boxtype.vcxproj", "{6E0EFA80-370D-465F-BC3D-39D82F2EF811}"
EndProject
Project("{8BC9CEB8-8B4A-11D0-8D11-00A0C91BC942}") = "browser", "browser.vcxproj", "{3A5870D8-D41E-420B-B77E-17ABE704D9E4}"
EndProject
Project("{8BC9CEB8-8B4A-11D0-8D11-00A0C91BC942}") = "button", "button.vcxproj", "{4E1C6598-582E-4E21-A0A7-03725DE81D5A}"
EndProject
Project("{8BC9CEB8-8B4A-11D0-8D11-00A0C91BC942}") = "buttons", "buttons.vcxproj", "{B3C8D6E9-04E7-49EC-BCF8-898BCB9BFE48}"
EndProject
Project("{8BC9CEB8-8B4A-11D0-8D11-00A0C91BC942}") = "checkers", "checkers.vcxproj", "{00F5C46D-6289-4920-AF7A-D15D2871DD2D}"
EndProject
Project("{8BC9CEB8-8B4A-11D0-8D11-00A0C91BC942}") = "clock", "clock.vcxproj", "{B6CFB40E-AD55-4858-B2BB-DCC132377A8D}"
EndProject
Project("{8BC9CEB8-8B4A-11D0-8D11-00A0C91BC942}") = "colbrowser", "colbrowser.vcxproj", "{5D8B98C9-882A-4C55-BECA-C0DEDD35D945}"
EndProject
Project("{8BC9CEB8-8B4A-11D0-8D11-00A0C91BC942}") = "color_chooser", "color_chooser.vcxproj", "{6FE3B1EF-6800-4FBD-921E-393E8C3405AF}"
EndProject
Project("{8BC9CEB8-8B4A-11D0-8D11-00A0C91BC942}") = "cube", "cube.vcxproj", "{8CC3AD21-6A0A-4D2D-9A57-8D815A30F7D1}"
EndProject
Project("{8BC9CEB8-8B4A-11D0-8D11-00A0C91BC942}") = "cursor", "cursor.vcxproj", "{EE76D44F-D04E-4915-91F4-7173E262B62D}"
EndProject
Project("{8BC9CEB8-8B4A-11D0-8D11-00A0C91BC942}") = "curve", "curve.vcxproj", "{2C67EE03-52CB-440E-B3D6-AA8544A963A0}"
EndProject
Project("{8BC9CEB8-8B4A-11D0-8D11-00A0C91BC942}") = "demo", "demo.vcxproj", "{82AB9A6A-926F-4A54-9B26-02154D07A30D}"
EndProject
Project("{8BC9CEB8-8B4A-11D0-8D11-00A0C91BC942}") = "doublebuffer", "doublebuffer.vcxproj", "{FDD4E123-AEDA-4CE4-8EDC-ECA919F98254}"
EndProject
Project("{8BC9CEB8-8B4A-11D0-8D11-00A0C91BC942}") = "editor", "editor.vcxproj", "{E0A39383-26DE-49D0-BFFA-2E4F840547BD}"
EndProject
Project("{8BC9CEB8-8B4A-11D0-8D11-00A0C91BC942}") = "fast_slow", "fast_slow.vcxproj", "{9E8C4853-5CA4-4087-BBAE-C6FDC6A88FCE}"
EndProject
Project("{8BC9CEB8-8B4A-11D0-8D11-00A0C91BC942}") = "file_chooser", "file_chooser.vcxproj", "{6B103C02-76D8-4A22-BB82-A502A87BC1C8}"
EndProject
Project("{8BC9CEB8-8B4A-11D0-8D11-00A0C91BC942}") = "fltk", "fltk.lib.vcxproj", "{82F52BD6-1FFE-45F9-A77B-85F42CA04FFB}"
EndProject
Project("{8BC9CEB8-8B4A-11D0-8D11-00A0C91BC942}") = "fltkdll", "fltkdll.vcxproj", "{4071347B-69CB-4D40-8F1B-3C754057105E}"
EndProject
Project("{8BC9CEB8-8B4A-11D0-8D11-00A0C91BC942}") = "fltkforms", "fltkforms.vcxproj", "{E3A0427B-AC3A-44C9-8F5C-5B507F7280B8}"
EndProject
Project("{8BC9CEB8-8B4A-11D0-8D11-00A0C91BC942}") = "fltkgl", "fltkgl.vcxproj", "{3F34C03B-AF51-4020-963C-73DECA5D7C9B}"
EndProject
Project("{8BC9CEB8-8B4A-11D0-8D11-00A0C91BC942}") = "fltkimages", "fltkimages.vcxproj", "{51EC1C45-0418-422B-AF1D-AEF7F1C32F47}"
EndProject
Project("{8BC9CEB8-8B4A-11D0-8D11-00A0C91BC942}") = "fluid", "fluid.vcxproj", "{44C1A6EF-80B9-4703-972C-1C3FF809E395}"
EndProject
Project("{8BC9CEB8-8B4A-11D0-8D11-00A0C91BC942}") = "fonts", "fonts.vcxproj", "{98F45E6D-54A7-40CA-83AF-B209574E65D7}"
EndProject
Project("{8BC9CEB8-8B4A-11D0-8D11-00A0C91BC942}") = "forms", "forms.vcxproj", "{32B133D1-045A-454D-8694-015DB991BA96}"
EndProject
Project("{8BC9CEB8-8B4A-11D0-8D11-00A0C91BC942}") = "fractals", "fractals.vcxproj", "{E93905A0-D343-4C6D-87AE-B8E051D98961}"
EndProject
Project("{8BC9CEB8-8B4A-11D0-8D11-00A0C91BC942}") = "fullscreen", "fullscreen.vcxproj", "{F1AACE32-4EDF-4135-BAAF-5B17E830DD40}"
EndProject
Project("{8BC9CEB8-8B4A-11D0-8D11-00A0C91BC942}") = "gl_overlay", "gl_overlay.vcxproj", "{6A23727F-D9A3-4B19-9099-A55924FB598B}"
EndProject
Project("{8BC9CEB8-8B4A-11D0-8D11-00A0C91BC942}") = "glpuzzle", "glpuzzle.vcxproj", "{8786C4DE-696F-4B74-B24D-17DA9B8D2DEF}"
EndProject
Project("{8BC9CEB8-8B4A-11D0-8D11-00A0C91BC942}") = "hello", "hello.vcxproj", "{0D87E8DB-5CFC-4858-8CA4-4997B0C134DE}"
EndProject
Project("{8BC9CEB8-8B4A-11D0-8D11-00A0C91BC942}") = "help", "help.vcxproj", "{715411A8-32A4-46C2-B5E1-D294197C81AE}"
EndProject
Project("{8BC9CEB8-8B4A-11D0-8D11-00A0C91BC942}") = "iconize", "iconize.vcxproj", "{44CAE708-14AB-4B21-A48E-6A5AD9A0751E}"
EndProject
Project("{8BC9CEB8-8B4A-11D0-8D11-00A0C91BC942}") = "image", "image.vcxproj", "{F79A11DC-4A33-4248-A173-6C9157389867}"
EndProject
Project("{8BC9CEB8-8B4A-11D0-8D11-00A0C91BC942}") = "inactive", "inactive.vcxproj", "{7F807FFD-AEE1-4A1A-9939-527FD42B1321}"
EndProject
Project("{8BC9CEB8-8B4A-11D0-8D11-00A0C91BC942}") = "input", "input.vcxproj", "{F6245625-8AD2-45D4-A8E9-D7DC95C26D64}"
EndProject
Project("{8BC9CEB8-8B4A-11D0-8D11-00A0C91BC942}") = "input_choice", "input_choice.vcxproj", "{07517C53-0087-4711-82ED-E216EFF6EA67}"
EndProject
Project("{8BC9CEB8-8B4A-11D0-8D11-00A0C91BC942}") = "jpeg", "jpeg.vcxproj", "{0142AF48-DD4E-4C9A-AF67-7938F56E9BC9}"
EndProject
Project("{8BC9CEB8-8B4A-11D0-8D11-00A0C91BC942}") = "keyboard", "keyboard.vcxproj", "{F550AD94-8E70-4506-BBE4-00AE1F40CC26}"
EndProject
Project("{8BC9CEB8-8B4A-11D0-8D11-00A0C91BC942}") = "label", "label.vcxproj", "{EE269459-05B8-478F-865A-F33AEA30BC55}"
EndProject
Project("{8BC9CEB8-8B4A-11D0-8D11-00A0C91BC942}") = "libpng", "libpng.vcxproj", "{76281B27-AABF-42AB-A9B6-D9973E212CAF}"
EndProject
Project("{8BC9CEB8-8B4A-11D0-8D11-00A0C91BC942}") = "line_style", "line_style.vcxproj", "{E144DE75-7A1F-4995-A631-32C9996D91BF}"
EndProject
Project("{8BC9CEB8-8B4A-11D0-8D11-00A0C91BC942}") = "mandelbrot", "mandelbrot.vcxproj", "{32A116B2-404B-4753-902D-8FF51171ED34}"
EndProject
Project("{8BC9CEB8-8B4A-11D0-8D11-00A0C91BC942}") = "menubar", "menubar.vcxproj", "{D8E2AFC3-B3F2-4767-B013-D0086A1EEF43}"
EndProject
Project("{8BC9CEB8-8B4A-11D0-8D11-00A0C91BC942}") = "message", "message.vcxproj", "{825F0802-7333-4098-B451-E057CCB48C09}"
EndProject
Project("{8BC9CEB8-8B4A-11D0-8D11-00A0C91BC942}") = "minimum", "minimum.vcxproj", "{227E1312-E3D1-492F-BF17-11873DA4C828}"
EndProject
Project("{8BC9CEB8-8B4A-11D0-8D11-00A0C91BC942}") = "navigation", "navigation.vcxproj", "{E3FA3DE8-E47F-4DD5-BBEE-D5988F9A4744}"
EndProject
Project("{8BC9CEB8-8B4A-11D0-8D11-00A0C91BC942}") = "output", "output.vcxproj", "{E9A878B8-498B-482A-A8F8-74EF9F9560FE}"
EndProject
Project("{8BC9CEB8-8B4A-11D0-8D11-00A0C91BC942}") = "overlay", "overlay.vcxproj", "{AD4F1DCE-218F-46D9-B3BB-EFF8E47BD796}"
EndProject
Project("{8BC9CEB8-8B4A-11D0-8D11-00A0C91BC942}") = "pack", "pack.vcxproj", "{FA4926E0-2D87-443F-B21A-40E2A7C6CDAD}"
EndProject
Project("{8BC9CEB8-8B4A-11D0-8D11-00A0C91BC942}") = "pixmap", "pixmap.vcxproj", "{5B619077-C166-447B-BD9A-D3AD14B9F635}"
EndProject
Project("{8BC9CEB8-8B4A-11D0-8D11-00A0C91BC942}") = "pixmap_browser", "pixmap_browser.vcxproj", "{F2088DAB-70C1-4DE7-B343-15D6DF3BA017}"
EndProject
Project("{8BC9CEB8-8B4A-11D0-8D11-00A0C91BC942}") = "preferences", "preferences.vcxproj", "{52EB170F-4E4C-4C83-8A92-E7AE44793A99}"
EndProject
Project("{8BC9CEB8-8B4A-11D0-8D11-00A0C91BC942}") = "radio", "radio.vcxproj", "{2FA2F0BB-B218-44E9-850A-27AEECD046DC}"
EndProject
Project("{8BC9CEB8-8B4A-11D0-8D11-00A0C91BC942}") = "resize", "resize.vcxproj", "{D6AE6283-A506-4AD8-B7A8-7D6B57F65591}"
EndProject
Project("{8BC9CEB8-8B4A-11D0-8D11-00A0C91BC942}") = "resizebox", "resizebox.vcxproj", "{54D4CE9A-8977-4646-A1DA-352D997EC86B}"
EndProject
Project("{8BC9CEB8-8B4A-11D0-8D11-00A0C91BC942}") = "scroll", "scroll.vcxproj", "{666DA3D6-D2E3-4879-8CFF-2E866191BA52}"
EndProject
Project("{8BC9CEB8-8B4A-11D0-8D11-00A0C91BC942}") = "shape", "shape.vcxproj", "{447F14C6-7514-49FE-A1B7-2CF58E93089B}"
EndProject
Project("{8BC9CEB8-8B4A-11D0-8D11-00A0C91BC942}") = "subwindow", "subwindow.vcxproj", "{5C42E410-DF25-40A1-A69B-E9FF5BCF84C3}"
EndProject
Project("{8BC9CEB8-8B4A-11D0-8D11-00A0C91BC942}") = "sudoku", "sudoku.vcxproj", "{66F1856B-57D3-4929-958B-E3A3377F0AA1}"
EndProject
Project("{8BC9CEB8-8B4A-11D0-8D11-00A0C91BC942}") = "symbols", "symbols.vcxproj", "{9D420A22-BEB9-4350-9941-AFE62E1A7B6C}"
EndProject
Project("{8BC9CEB8-8B4A-11D0-8D11-00A0C91BC942}") = "tabs", "tabs.vcxproj", "{5504217B-0BAB-444D-8A1E-345A163AE24A}"
EndProject
Project("{8BC9CEB8-8B4A-11D0-8D11-00A0C91BC942}") = "threads", "threads.vcxproj", "{D9E97997-45A0-433C-BD6A-56CC0F9CA726}"
EndProject
Project("{8BC9CEB8-8B4A-11D0-8D11-00A0C91BC942}") = "tile", "tile.vcxproj", "{4A62A945-4687-4F3F-8948-6A9BEE3A2165}"
EndProject
Project("{8BC9CEB8-8B4A-11D0-8D11-00A0C91BC942}") = "tiled_image", "tiled_image.vcxproj", "{7E2D2B27-1C6C-4A8F-AA8A-481B729B36F8}"
EndProject
Project("{8BC9CEB8-8B4A-11D0-8D11-00A0C91BC942}") = "valuators", "valuators.vcxproj", "{43EC6A05-F93F-4AB3-8620-4D66415F0D66}"
EndProject
Project("{8BC9CEB8-8B4A-11D0-8D11-00A0C91BC942}") = "zlib", "zlib.vcxproj", "{8F4B600F-7738-4951-81DC-BD6C27E4DE72}"
EndProject
Global
	GlobalSection(SolutionConfigurationPlatforms) = preSolution
		Debug|x86 = Debug|x86
		Release|x86 = Release|x86
		Template|x86 = Template|x86
	EndGlobalSection
	GlobalSection(ProjectConfigurationPlatforms) = postSolution
		{ED174D73-9139-4396-8407-FA8407C73326}.Debug|x86.ActiveCfg = Debug|Win32
		{ED174D73-9139-4396-8407-FA8407C73326}.Debug|x86.Build.0 = Debug|Win32
		{ED174D73-9139-4396-8407-FA8407C73326}.Release|x86.ActiveCfg = Release|Win32
		{ED174D73-9139-4396-8407-FA8407C73326}.Release|x86.Build.0 = Release|Win32
		{ED174D73-9139-4396-8407-FA8407C73326}.Template|x86.ActiveCfg = Release|Win32
		{ED174D73-9139-4396-8407-FA8407C73326}.Template|x86.Build.0 = Release|Win32
		{ED2D86F5-A67B-40FA-8DFF-2908CE69E7BC}.Debug|x86.ActiveCfg = Debug|Win32
		{ED2D86F5-A67B-40FA-8DFF-2908CE69E7BC}.Debug|x86.Build.0 = Debug|Win32
		{ED2D86F5-A67B-40FA-8DFF-2908CE69E7BC}.Release|x86.ActiveCfg = Release|Win32
		{ED2D86F5-A67B-40FA-8DFF-2908CE69E7BC}.Release|x86.Build.0 = Release|Win32
		{ED2D86F5-A67B-40FA-8DFF-2908CE69E7BC}.Template|x86.ActiveCfg = Template|Win32
		{ED2D86F5-A67B-40FA-8DFF-2908CE69E7BC}.Template|x86.Build.0 = Template|Win32
		{5A1BC0B9-67A0-450A-9D69-822589A7B565}.Debug|x86.ActiveCfg = Debug|Win32
		{5A1BC0B9-67A0-450A-9D69-822589A7B565}.Debug|x86.Build.0 = Debug|Win32
		{5A1BC0B9-67A0-450A-9D69-822589A7B565}.Release|x86.ActiveCfg = Release|Win32
		{5A1BC0B9-67A0-450A-9D69-822589A7B565}.Release|x86.Build.0 = Release|Win32
		{5A1BC0B9-67A0-450A-9D69-822589A7B565}.Template|x86.ActiveCfg = Template|Win32
		{5A1BC0B9-67A0-450A-9D69-822589A7B565}.Template|x86.Build.0 = Template|Win32
		{0D40C3C2-C137-4520-ABBB-0ECE55451A55}.Debug|x86.ActiveCfg = Debug|Win32
		{0D40C3C2-C137-4520-ABBB-0ECE55451A55}.Debug|x86.Build.0 = Debug|Win32
		{0D40C3C2-C137-4520-ABBB-0ECE55451A55}.Release|x86.ActiveCfg = Release|Win32
		{0D40C3C2-C137-4520-ABBB-0ECE55451A55}.Release|x86.Build.0 = Release|Win32
		{0D40C3C2-C137-4520-ABBB-0ECE55451A55}.Template|x86.ActiveCfg = Template|Win32
		{0D40C3C2-C137-4520-ABBB-0ECE55451A55}.Template|x86.Build.0 = Template|Win32
		{46B902C1-6B71-460D-8CD6-44F758021FDF}.Debug|x86.ActiveCfg = Debug|Win32
		{46B902C1-6B71-460D-8CD6-44F758021FDF}.Debug|x86.Build.0 = Debug|Win32
		{46B902C1-6B71-460D-8CD6-44F758021FDF}.Release|x86.ActiveCfg = Release|Win32
		{46B902C1-6B71-460D-8CD6-44F758021FDF}.Release|x86.Build.0 = Release|Win32
		{46B902C1-6B71-460D-8CD6-44F758021FDF}.Template|x86.ActiveCfg = Template|Win32
		{46B902C1-6B71-460D-8CD6-44F758021FDF}.Template|x86.Build.0 = Template|Win32
		{F8C52B45-E083-4744-B70D-38F917FBE998}.Debug|x86.ActiveCfg = Debug|Win32
		{F8C52B45-E083-4744-B70D-38F917FBE998}.Debug|x86.Build.0 = Debug|Win32
		{F8C52B45-E083-4744-B70D-38F917FBE998}.Release|x86.ActiveCfg = Release|Win32
		{F8C52B45-E083-4744-B70D-38F917FBE998}.Release|x86.Build.0 = Release|Win32
		{F8C52B45-E083-4744-B70D-38F917FBE998}.Template|x86.ActiveCfg = Template|Win32
		{F8C52B45-E083-4744-B70D-38F917FBE998}.Template|x86.Build.0 = Template|Win32
		{6E0EFA80-370D-465F-BC3D-39D82F2EF811}.Debug|x86.ActiveCfg = Debug|Win32
		{6E0EFA80-370D-465F-BC3D-39D82F2EF811}.Debug|x86.Build.0 = Debug|Win32
		{6E0EFA80-370D-465F-BC3D-39D82F2EF811}.Release|x86.ActiveCfg = Release|Win32
		{6E0EFA80-370D-465F-BC3D-39D82F2EF811}.Release|x86.Build.0 = Release|Win32
		{6E0EFA80-370D-465F-BC3D-39D82F2EF811}.Template|x86.ActiveCfg = Template|Win32
		{6E0EFA80-370D-465F-BC3D-39D82F2EF811}.Template|x86.Build.0 = Template|Win32
		{3A5870D8-D41E-420B-B77E-17ABE704D9E4}.Debug|x86.ActiveCfg = Debug|Win32
		{3A5870D8-D41E-420B-B77E-17ABE704D9E4}.Debug|x86.Build.0 = Debug|Win32
		{3A5870D8-D41E-420B-B77E-17ABE704D9E4}.Release|x86.ActiveCfg = Release|Win32
		{3A5870D8-D41E-420B-B77E-17ABE704D9E4}.Release|x86.Build.0 = Release|Win32
		{3A5870D8-D41E-420B-B77E-17ABE704D9E4}.Template|x86.ActiveCfg = Template|Win32
		{3A5870D8-D41E-420B-B77E-17ABE704D9E4}.Template|x86.Build.0 = Template|Win32
		{4E1C6598-582E-4E21-A0A7-03725DE81D5A}.Debug|x86.ActiveCfg = Debug|Win32
		{4E1C6598-582E-4E21-A0A7-03725DE81D5A}.Debug|x86.Build.0 = Debug|Win32
		{4E1C6598-582E-4E21-A0A7-03725DE81D5A}.Release|x86.ActiveCfg = Release|Win32
		{4E1C6598-582E-4E21-A0A7-03725DE81D5A}.Release|x86.Build.0 = Release|Win32
		{4E1C6598-582E-4E21-A0A7-03725DE81D5A}.Template|x86.ActiveCfg = Template|Win32
		{4E1C6598-582E-4E21-A0A7-03725DE81D5A}.Template|x86.Build.0 = Template|Win32
		{B3C8D6E9-04E7-49EC-BCF8-898BCB9BFE48}.Debug|x86.ActiveCfg = Debug|Win32
		{B3C8D6E9-04E7-49EC-BCF8-898BCB9BFE48}.Debug|x86.Build.0 = Debug|Win32
		{B3C8D6E9-04E7-49EC-BCF8-898BCB9BFE48}.Release|x86.ActiveCfg = Release|Win32
		{B3C8D6E9-04E7-49EC-BCF8-898BCB9BFE48}.Release|x86.Build.0 = Release|Win32
		{B3C8D6E9-04E7-49EC-BCF8-898BCB9BFE48}.Template|x86.ActiveCfg = Template|Win32
		{B3C8D6E9-04E7-49EC-BCF8-898BCB9BFE48}.Template|x86.Build.0 = Template|Win32
		{00F5C46D-6289-4920-AF7A-D15D2871DD2D}.Debug|x86.ActiveCfg = Debug|Win32
		{00F5C46D-6289-4920-AF7A-D15D2871DD2D}.Debug|x86.Build.0 = Debug|Win32
		{00F5C46D-6289-4920-AF7A-D15D2871DD2D}.Release|x86.ActiveCfg = Release|Win32
		{00F5C46D-6289-4920-AF7A-D15D2871DD2D}.Release|x86.Build.0 = Release|Win32
		{00F5C46D-6289-4920-AF7A-D15D2871DD2D}.Template|x86.ActiveCfg = Template|Win32
		{00F5C46D-6289-4920-AF7A-D15D2871DD2D}.Template|x86.Build.0 = Template|Win32
		{B6CFB40E-AD55-4858-B2BB-DCC132377A8D}.Debug|x86.ActiveCfg = Debug|Win32
		{B6CFB40E-AD55-4858-B2BB-DCC132377A8D}.Debug|x86.Build.0 = Debug|Win32
		{B6CFB40E-AD55-4858-B2BB-DCC132377A8D}.Release|x86.ActiveCfg = Release|Win32
		{B6CFB40E-AD55-4858-B2BB-DCC132377A8D}.Release|x86.Build.0 = Release|Win32
		{B6CFB40E-AD55-4858-B2BB-DCC132377A8D}.Template|x86.ActiveCfg = Template|Win32
		{B6CFB40E-AD55-4858-B2BB-DCC132377A8D}.Template|x86.Build.0 = Template|Win32
		{5D8B98C9-882A-4C55-BECA-C0DEDD35D945}.Debug|x86.ActiveCfg = Debug|Win32
		{5D8B98C9-882A-4C55-BECA-C0DEDD35D945}.Debug|x86.Build.0 = Debug|Win32
		{5D8B98C9-882A-4C55-BECA-C0DEDD35D945}.Release|x86.ActiveCfg = Release|Win32
		{5D8B98C9-882A-4C55-BECA-C0DEDD35D945}.Release|x86.Build.0 = Release|Win32
		{5D8B98C9-882A-4C55-BECA-C0DEDD35D945}.Template|x86.ActiveCfg = Template|Win32
		{5D8B98C9-882A-4C55-BECA-C0DEDD35D945}.Template|x86.Build.0 = Template|Win32
		{6FE3B1EF-6800-4FBD-921E-393E8C3405AF}.Debug|x86.ActiveCfg = Debug|Win32
		{6FE3B1EF-6800-4FBD-921E-393E8C3405AF}.Debug|x86.Build.0 = Debug|Win32
		{6FE3B1EF-6800-4FBD-921E-393E8C3405AF}.Release|x86.ActiveCfg = Release|Win32
		{6FE3B1EF-6800-4FBD-921E-393E8C3405AF}.Release|x86.Build.0 = Release|Win32
		{6FE3B1EF-6800-4FBD-921E-393E8C3405AF}.Template|x86.ActiveCfg = Template|Win32
		{6FE3B1EF-6800-4FBD-921E-393E8C3405AF}.Template|x86.Build.0 = Template|Win32
		{8CC3AD21-6A0A-4D2D-9A57-8D815A30F7D1}.Debug|x86.ActiveCfg = Debug|Win32
		{8CC3AD21-6A0A-4D2D-9A57-8D815A30F7D1}.Debug|x86.Build.0 = Debug|Win32
		{8CC3AD21-6A0A-4D2D-9A57-8D815A30F7D1}.Release|x86.ActiveCfg = Release|Win32
		{8CC3AD21-6A0A-4D2D-9A57-8D815A30F7D1}.Release|x86.Build.0 = Release|Win32
		{8CC3AD21-6A0A-4D2D-9A57-8D815A30F7D1}.Template|x86.ActiveCfg = Template|Win32
		{8CC3AD21-6A0A-4D2D-9A57-8D815A30F7D1}.Template|x86.Build.0 = Template|Win32
		{EE76D44F-D04E-4915-91F4-7173E262B62D}.Debug|x86.ActiveCfg = Debug|Win32
		{EE76D44F-D04E-4915-91F4-7173E262B62D}.Debug|x86.Build.0 = Debug|Win32
		{EE76D44F-D04E-4915-91F4-7173E262B62D}.Release|x86.ActiveCfg = Release|Win32
		{EE76D44F-D04E-4915-91F4-7173E262B62D}.Release|x86.Build.0 = Release|Win32
		{EE76D44F-D04E-4915-91F4-7173E262B62D}.Template|x86.ActiveCfg = Template|Win32
		{EE76D44F-D04E-4915-91F4-7173E262B62D}.Template|x86.Build.0 = Template|Win32
		{2C67EE03-52CB-440E-B3D6-AA8544A963A0}.Debug|x86.ActiveCfg = Debug|Win32
		{2C67EE03-52CB-440E-B3D6-AA8544A963A0}.Debug|x86.Build.0 = Debug|Win32
		{2C67EE03-52CB-440E-B3D6-AA8544A963A0}.Release|x86.ActiveCfg = Release|Win32
		{2C67EE03-52CB-440E-B3D6-AA8544A963A0}.Release|x86.Build.0 = Release|Win32
		{2C67EE03-52CB-440E-B3D6-AA8544A963A0}.Template|x86.ActiveCfg = Template|Win32
		{2C67EE03-52CB-440E-B3D6-AA8544A963A0}.Template|x86.Build.0 = Template|Win32
		{82AB9A6A-926F-4A54-9B26-02154D07A30D}.Debug|x86.ActiveCfg = Debug|Win32
		{82AB9A6A-926F-4A54-9B26-02154D07A30D}.Debug|x86.Build.0 = Debug|Win32
		{82AB9A6A-926F-4A54-9B26-02154D07A30D}.Release|x86.ActiveCfg = Release|Win32
		{82AB9A6A-926F-4A54-9B26-02154D07A30D}.Release|x86.Build.0 = Release|Win32
		{82AB9A6A-926F-4A54-9B26-02154D07A30D}.Template|x86.ActiveCfg = Template|Win32
		{82AB9A6A-926F-4A54-9B26-02154D07A30D}.Template|x86.Build.0 = Template|Win32
		{FDD4E123-AEDA-4CE4-8EDC-ECA919F98254}.Debug|x86.ActiveCfg = Debug|Win32
		{FDD4E123-AEDA-4CE4-8EDC-ECA919F98254}.Debug|x86.Build.0 = Debug|Win32
		{FDD4E123-AEDA-4CE4-8EDC-ECA919F98254}.Release|x86.ActiveCfg = Release|Win32
		{FDD4E123-AEDA-4CE4-8EDC-ECA919F98254}.Release|x86.Build.0 = Release|Win32
		{FDD4E123-AEDA-4CE4-8EDC-ECA919F98254}.Template|x86.ActiveCfg = Template|Win32
		{FDD4E123-AEDA-4CE4-8EDC-ECA919F98254}.Template|x86.Build.0 = Template|Win32
		{E0A39383-26DE-49D0-BFFA-2E4F840547BD}.Debug|x86.ActiveCfg = Debug|Win32
		{E0A39383-26DE-49D0-BFFA-2E4F840547BD}.Debug|x86.Build.0 = Debug|Win32
		{E0A39383-26DE-49D0-BFFA-2E4F840547BD}.Release|x86.ActiveCfg = Release|Win32
		{E0A39383-26DE-49D0-BFFA-2E4F840547BD}.Release|x86.Build.0 = Release|Win32
		{E0A39383-26DE-49D0-BFFA-2E4F840547BD}.Template|x86.ActiveCfg = Template|Win32
		{E0A39383-26DE-49D0-BFFA-2E4F840547BD}.Template|x86.Build.0 = Template|Win32
		{9E8C4853-5CA4-4087-BBAE-C6FDC6A88FCE}.Debug|x86.ActiveCfg = Debug|Win32
		{9E8C4853-5CA4-4087-BBAE-C6FDC6A88FCE}.Debug|x86.Build.0 = Debug|Win32
		{9E8C4853-5CA4-4087-BBAE-C6FDC6A88FCE}.Release|x86.ActiveCfg = Release|Win32
		{9E8C4853-5CA4-4087-BBAE-C6FDC6A88FCE}.Release|x86.Build.0 = Release|Win32
		{9E8C4853-5CA4-4087-BBAE-C6FDC6A88FCE}.Template|x86.ActiveCfg = Template|Win32
		{9E8C4853-5CA4-4087-BBAE-C6FDC6A88FCE}.Template|x86.Build.0 = Template|Win32
		{6B103C02-76D8-4A22-BB82-A502A87BC1C8}.Debug|x86.ActiveCfg = Debug|Win32
		{6B103C02-76D8-4A22-BB82-A502A87BC1C8}.Debug|x86.Build.0 = Debug|Win32
		{6B103C02-76D8-4A22-BB82-A502A87BC1C8}.Release|x86.ActiveCfg = Release|Win32
		{6B103C02-76D8-4A22-BB82-A502A87BC1C8}.Release|x86.Build.0 = Release|Win32
		{6B103C02-76D8-4A22-BB82-A502A87BC1C8}.Template|x86.ActiveCfg = Template|Win32
		{6B103C02-76D8-4A22-BB82-A502A87BC1C8}.Template|x86.Build.0 = Template|Win32
		{82F52BD6-1FFE-45F9-A77B-85F42CA04FFB}.Debug|x86.ActiveCfg = Debug|Win32
		{82F52BD6-1FFE-45F9-A77B-85F42CA04FFB}.Debug|x86.Build.0 = Debug|Win32
		{82F52BD6-1FFE-45F9-A77B-85F42CA04FFB}.Release|x86.ActiveCfg = Release|Win32
		{82F52BD6-1FFE-45F9-A77B-85F42CA04FFB}.Release|x86.Build.0 = Release|Win32
		{82F52BD6-1FFE-45F9-A77B-85F42CA04FFB}.Template|x86.ActiveCfg = Template|Win32
		{82F52BD6-1FFE-45F9-A77B-85F42CA04FFB}.Template|x86.Build.0 = Template|Win32
		{4071347B-69CB-4D40-8F1B-3C754057105E}.Debug|x86.ActiveCfg = Debug|Win32
		{4071347B-69CB-4D40-8F1B-3C754057105E}.Debug|x86.Build.0 = Debug|Win32
		{4071347B-69CB-4D40-8F1B-3C754057105E}.Release|x86.ActiveCfg = Release|Win32
		{4071347B-69CB-4D40-8F1B-3C754057105E}.Release|x86.Build.0 = Release|Win32
		{4071347B-69CB-4D40-8F1B-3C754057105E}.Template|x86.ActiveCfg = Template|Win32
		{4071347B-69CB-4D40-8F1B-3C754057105E}.Template|x86.Build.0 = Template|Win32
		{E3A0427B-AC3A-44C9-8F5C-5B507F7280B8}.Debug|x86.ActiveCfg = Debug|Win32
		{E3A0427B-AC3A-44C9-8F5C-5B507F7280B8}.Debug|x86.Build.0 = Debug|Win32
		{E3A0427B-AC3A-44C9-8F5C-5B507F7280B8}.Release|x86.ActiveCfg = Release|Win32
		{E3A0427B-AC3A-44C9-8F5C-5B507F7280B8}.Release|x86.Build.0 = Release|Win32
		{E3A0427B-AC3A-44C9-8F5C-5B507F7280B8}.Template|x86.ActiveCfg = Template|Win32
		{E3A0427B-AC3A-44C9-8F5C-5B507F7280B8}.Template|x86.Build.0 = Template|Win32
		{3F34C03B-AF51-4020-963C-73DECA5D7C9B}.Debug|x86.ActiveCfg = Debug|Win32
		{3F34C03B-AF51-4020-963C-73DECA5D7C9B}.Debug|x86.Build.0 = Debug|Win32
		{3F34C03B-AF51-4020-963C-73DECA5D7C9B}.Release|x86.ActiveCfg = Release|Win32
		{3F34C03B-AF51-4020-963C-73DECA5D7C9B}.Release|x86.Build.0 = Release|Win32
		{3F34C03B-AF51-4020-963C-73DECA5D7C9B}.Template|x86.ActiveCfg = Template|Win32
		{3F34C03B-AF51-4020-963C-73DECA5D7C9B}.Template|x86.Build.0 = Template|Win32
		{51EC1C45-0418-422B-AF1D-AEF7F1C32F47}.Debug|x86.ActiveCfg = Debug|Win32
		{51EC1C45-0418-422B-AF1D-AEF7F1C32F47}.Debug|x86.Build.0 = Debug|Win32
		{51EC1C45-0418-422B-AF1D-AEF7F1C32F47}.Release|x86.ActiveCfg = Release|Win32
		{51EC1C45-0418-422B-AF1D-AEF7F1C32F47}.Release|x86.Build.0 = Release|Win32
		{51EC1C45-0418-422B-AF1D-AEF7F1C32F47}.Template|x86.ActiveCfg = Template|Win32
		{51EC1C45-0418-422B-AF1D-AEF7F1C32F47}.Template|x86.Build.0 = Template|Win32
		{44C1A6EF-80B9-4703-972C-1C3FF809E395}.Debug|x86.ActiveCfg = Debug|Win32
		{44C1A6EF-80B9-4703-972C-1C3FF809E395}.Debug|x86.Build.0 = Debug|Win32
		{44C1A6EF-80B9-4703-972C-1C3FF809E395}.Release|x86.ActiveCfg = Release|Win32
		{44C1A6EF-80B9-4703-972C-1C3FF809E395}.Release|x86.Build.0 = Release|Win32
		{44C1A6EF-80B9-4703-972C-1C3FF809E395}.Template|x86.ActiveCfg = Template|Win32
		{44C1A6EF-80B9-4703-972C-1C3FF809E395}.Template|x86.Build.0 = Template|Win32
		{98F45E6D-54A7-40CA-83AF-B209574E65D7}.Debug|x86.ActiveCfg = Debug|Win32
		{98F45E6D-54A7-40CA-83AF-B209574E65D7}.Debug|x86.Build.0 = Debug|Win32
		{98F45E6D-54A7-40CA-83AF-B209574E65D7}.Release|x86.ActiveCfg = Release|Win32
		{98F45E6D-54A7-40CA-83AF-B209574E65D7}.Release|x86.Build.0 = Release|Win32
		{98F45E6D-54A7-40CA-83AF-B209574E65D7}.Template|x86.ActiveCfg = Template|Win32
		{98F45E6D-54A7-40CA-83AF-B209574E65D7}.Template|x86.Build.0 = Template|Win32
		{32B133D1-045A-454D-8694-015DB991BA96}.Debug|x86.ActiveCfg = Debug|Win32
		{32B133D1-045A-454D-8694-015DB991BA96}.Debug|x86.Build.0 = Debug|Win32
		{32B133D1-045A-454D-8694-015DB991BA96}.Release|x86.ActiveCfg = Release|Win32
		{32B133D1-045A-454D-8694-015DB991BA96}.Release|x86.Build.0 = Release|Win32
		{32B133D1-045A-454D-8694-015DB991BA96}.Template|x86.ActiveCfg = Template|Win32
		{32B133D1-045A-454D-8694-015DB991BA96}.Template|x86.Build.0 = Template|Win32
		{E93905A0-D343-4C6D-87AE-B8E051D98961}.Debug|x86.ActiveCfg = Debug|Win32
		{E93905A0-D343-4C6D-87AE-B8E051D98961}.Debug|x86.Build.0 = Debug|Win32
		{E93905A0-D343-4C6D-87AE-B8E051D98961}.Release|x86.ActiveCfg = Release|Win32
		{E93905A0-D343-4C6D-87AE-B8E051D98961}.Release|x86.Build.0 = Release|Win32
		{E93905A0-D343-4C6D-87AE-B8E051D98961}.Template|x86.ActiveCfg = Template|Win32
		{E93905A0-D343-4C6D-87AE-B8E051D98961}.Template|x86.Build.0 = Template|Win32
		{F1AACE32-4EDF-4135-BAAF-5B17E830DD40}.Debug|x86.ActiveCfg = Debug|Win32
		{F1AACE32-4EDF-4135-BAAF-5B17E830DD40}.Debug|x86.Build.0 = Debug|Win32
		{F1AACE32-4EDF-4135-BAAF-5B17E830DD40}.Release|x86.ActiveCfg = Release|Win32
		{F1AACE32-4EDF-4135-BAAF-5B17E830DD40}.Release|x86.Build.0 = Release|Win32
		{F1AACE32-4EDF-4135-BAAF-5B17E830DD40}.Template|x86.ActiveCfg = Template|Win32
		{F1AACE32-4EDF-4135-BAAF-5B17E830DD40}.Template|x86.Build.0 = Template|Win32
		{6A23727F-D9A3-4B19-9099-A55924FB598B}.Debug|x86.ActiveCfg = Debug|Win32
		{6A23727F-D9A3-4B19-9099-A55924FB598B}.Debug|x86.Build.0 = Debug|Win32
		{6A23727F-D9A3-4B19-9099-A55924FB598B}.Release|x86.ActiveCfg = Release|Win32
		{6A23727F-D9A3-4B19-9099-A55924FB598B}.Release|x86.Build.0 = Release|Win32
		{6A23727F-D9A3-4B19-9099-A55924FB598B}.Template|x86.ActiveCfg = Template|Win32
		{6A23727F-D9A3-4B19-9099-A55924FB598B}.Template|x86.Build.0 = Template|Win32
		{8786C4DE-696F-4B74-B24D-17DA9B8D2DEF}.Debug|x86.ActiveCfg = Debug|Win32
		{8786C4DE-696F-4B74-B24D-17DA9B8D2DEF}.Debug|x86.Build.0 = Debug|Win32
		{8786C4DE-696F-4B74-B24D-17DA9B8D2DEF}.Release|x86.ActiveCfg = Release|Win32
		{8786C4DE-696F-4B74-B24D-17DA9B8D2DEF}.Release|x86.Build.0 = Release|Win32
		{8786C4DE-696F-4B74-B24D-17DA9B8D2DEF}.Template|x86.ActiveCfg = Template|Win32
		{8786C4DE-696F-4B74-B24D-17DA9B8D2DEF}.Template|x86.Build.0 = Template|Win32
		{0D87E8DB-5CFC-4858-8CA4-4997B0C134DE}.Debug|x86.ActiveCfg = Debug|Win32
		{0D87E8DB-5CFC-4858-8CA4-4997B0C134DE}.Debug|x86.Build.0 = Debug|Win32
		{0D87E8DB-5CFC-4858-8CA4-4997B0C134DE}.Release|x86.ActiveCfg = Release|Win32
		{0D87E8DB-5CFC-4858-8CA4-4997B0C134DE}.Release|x86.Build.0 = Release|Win32
		{0D87E8DB-5CFC-4858-8CA4-4997B0C134DE}.Template|x86.ActiveCfg = Template|Win32
		{0D87E8DB-5CFC-4858-8CA4-4997B0C134DE}.Template|x86.Build.0 = Template|Win32
		{715411A8-32A4-46C2-B5E1-D294197C81AE}.Debug|x86.ActiveCfg = Debug|Win32
		{715411A8-32A4-46C2-B5E1-D294197C81AE}.Debug|x86.Build.0 = Debug|Win32
		{715411A8-32A4-46C2-B5E1-D294197C81AE}.Release|x86.ActiveCfg = Release|Win32
		{715411A8-32A4-46C2-B5E1-D294197C81AE}.Release|x86.Build.0 = Release|Win32
		{715411A8-32A4-46C2-B5E1-D294197C81AE}.Template|x86.ActiveCfg = Template|Win32
		{715411A8-32A4-46C2-B5E1-D294197C81AE}.Template|x86.Build.0 = Template|Win32
		{44CAE708-14AB-4B21-A48E-6A5AD9A0751E}.Debug|x86.ActiveCfg = Debug|Win32
		{44CAE708-14AB-4B21-A48E-6A5AD9A0751E}.Debug|x86.Build.0 = Debug|Win32
		{44CAE708-14AB-4B21-A48E-6A5AD9A0751E}.Release|x86.ActiveCfg = Release|Win32
		{44CAE708-14AB-4B21-A48E-6A5AD9A0751E}.Release|x86.Build.0 = Release|Win32
		{44CAE708-14AB-4B21-A48E-6A5AD9A0751E}.Template|x86.ActiveCfg = Template|Win32
		{44CAE708-14AB-4B21-A48E-6A5AD9A0751E}.Template|x86.Build.0 = Template|Win32
		{F79A11DC-4A33-4248-A173-6C9157389867}.Debug|x86.ActiveCfg = Debug|Win32
		{F79A11DC-4A33-4248-A173-6C9157389867}.Debug|x86.Build.0 = Debug|Win32
		{F79A11DC-4A33-4248-A173-6C9157389867}.Release|x86.ActiveCfg = Release|Win32
		{F79A11DC-4A33-4248-A173-6C9157389867}.Release|x86.Build.0 = Release|Win32
		{F79A11DC-4A33-4248-A173-6C9157389867}.Template|x86.ActiveCfg = Template|Win32
		{F79A11DC-4A33-4248-A173-6C9157389867}.Template|x86.Build.0 = Template|Win32
		{7F807FFD-AEE1-4A1A-9939-527FD42B1321}.Debug|x86.ActiveCfg = Debug|Win32
		{7F807FFD-AEE1-4A1A-9939-527FD42B1321}.Debug|x86.Build.0 = Debug|Win32
		{7F807FFD-AEE1-4A1A-9939-527FD42B1321}.Release|x86.ActiveCfg = Release|Win32
		{7F807FFD-AEE1-4A1A-9939-527FD42B1321}.Release|x86.Build.0 = Release|Win32
		{7F807FFD-AEE1-4A1A-9939-527FD42B1321}.Template|x86.ActiveCfg = Template|Win32
		{7F807FFD-AEE1-4A1A-9939-527FD42B1321}.Template|x86.Build.0 = Template|Win32
		{F6245625-8AD2-45D4-A8E9-D7DC95C26D64}.Debug|x86.ActiveCfg = Debug|Win32
		{F6245625-8AD2-45D4-A8E9-D7DC95C26D64}.Debug|x86.Build.0 = Debug|Win32
		{F6245625-8AD2-45D4-A8E9-D7DC95C26D64}.Release|x86.ActiveCfg = Release|Win32
		{F6245625-8AD2-45D4-A8E9-D7DC95C26D64}.Release|x86.Build.0 = Release|Win32
		{F6245625-8AD2-45D4-A8E9-D7DC95C26D64}.Template|x86.ActiveCfg = Template|Win32
		{F6245625-8AD2-45D4-A8E9-D7DC95C26D64}.Template|x86.Build.0 = Template|Win32
		{07517C53-0087-4711-82ED-E216EFF6EA67}.Debug|x86.ActiveCfg = Debug|Win32
		{07517C53-0087-4711-82ED-E216EFF6EA67}.Debug|x86.Build.0 = Debug|Win32
		{07517C53-0087-4711-82ED-E216EFF6EA67}.Release|x86.ActiveCfg = Release|Win32
		{07517C53-0087-4711-82ED-E216EFF6EA67}.Release|x86.Build.0 = Release|Win32
		{07517C53-0087-4711-82ED-E216EFF6EA67}.Template|x86.ActiveCfg = Template|Win32
		{07517C53-0087-4711-82ED-E216EFF6EA67}.Template|x86.Build.0 = Template|Win32
		{0142AF48-DD4E-4C9A-AF67-7938F56E9BC9}.Debug|x86.ActiveCfg = Debug|Win32
		{0142AF48-DD4E-4C9A-AF67-7938F56E9BC9}.Debug|x86.Build.0 = Debug|Win32
		{0142AF48-DD4E-4C9A-AF67-7938F56E9BC9}.Release|x86.ActiveCfg = Release|Win32
		{0142AF48-DD4E-4C9A-AF67-7938F56E9BC9}.Release|x86.Build.0 = Release|Win32
		{0142AF48-DD4E-4C9A-AF67-7938F56E9BC9}.Template|x86.ActiveCfg = Template|Win32
		{0142AF48-DD4E-4C9A-AF67-7938F56E9BC9}.Template|x86.Build.0 = Template|Win32
		{F550AD94-8E70-4506-BBE4-00AE1F40CC26}.Debug|x86.ActiveCfg = Debug|Win32
		{F550AD94-8E70-4506-BBE4-00AE1F40CC26}.Debug|x86.Build.0 = Debug|Win32
		{F550AD94-8E70-4506-BBE4-00AE1F40CC26}.Release|x86.ActiveCfg = Release|Win32
		{F550AD94-8E70-4506-BBE4-00AE1F40CC26}.Release|x86.Build.0 = Release|Win32
		{F550AD94-8E70-4506-BBE4-00AE1F40CC26}.Template|x86.ActiveCfg = Template|Win32
		{F550AD94-8E70-4506-BBE4-00AE1F40CC26}.Template|x86.Build.0 = Template|Win32
		{EE269459-05B8-478F-865A-F33AEA30BC55}.Debug|x86.ActiveCfg = Debug|Win32
		{EE269459-05B8-478F-865A-F33AEA30BC55}.Debug|x86.Build.0 = Debug|Win32
		{EE269459-05B8-478F-865A-F33AEA30BC55}.Release|x86.ActiveCfg = Release|Win32
		{EE269459-05B8-478F-865A-F33AEA30BC55}.Release|x86.Build.0 = Release|Win32
		{EE269459-05B8-478F-865A-F33AEA30BC55}.Template|x86.ActiveCfg = Template|Win32
		{EE269459-05B8-478F-865A-F33AEA30BC55}.Template|x86.Build.0 = Template|Win32
		{76281B27-AABF-42AB-A9B6-D9973E212CAF}.Debug|x86.ActiveCfg = Debug|Win32
		{76281B27-AABF-42AB-A9B6-D9973E212CAF}.Debug|x86.Build.0 = Debug|Win32
		{76281B27-AABF-42AB-A9B6-D9973E212CAF}.Release|x86.ActiveCfg = Release|Win32
		{76281B27-AABF-42AB-A9B6-D9973E212CAF}.Release|x86.Build.0 = Release|Win32
		{76281B27-AABF-42AB-A9B6-D9973E212CAF}.Template|x86.ActiveCfg = Template|Win32
		{76281B27-AABF-42AB-A9B6-D9973E212CAF}.Template|x86.Build.0 = Template|Win32
		{E144DE75-7A1F-4995-A631-32C9996D91BF}.Debug|x86.ActiveCfg = Debug|Win32
		{E144DE75-7A1F-4995-A631-32C9996D91BF}.Debug|x86.Build.0 = Debug|Win32
		{E144DE75-7A1F-4995-A631-32C9996D91BF}.Release|x86.ActiveCfg = Release|Win32
		{E144DE75-7A1F-4995-A631-32C9996D91BF}.Release|x86.Build.0 = Release|Win32
		{E144DE75-7A1F-4995-A631-32C9996D91BF}.Template|x86.ActiveCfg = Template|Win32
		{E144DE75-7A1F-4995-A631-32C9996D91BF}.Template|x86.Build.0 = Template|Win32
		{32A116B2-404B-4753-902D-8FF51171ED34}.Debug|x86.ActiveCfg = Debug|Win32
		{32A116B2-404B-4753-902D-8FF51171ED34}.Debug|x86.Build.0 = Debug|Win32
		{32A116B2-404B-4753-902D-8FF51171ED34}.Release|x86.ActiveCfg = Release|Win32
		{32A116B2-404B-4753-902D-8FF51171ED34}.Release|x86.Build.0 = Release|Win32
		{32A116B2-404B-4753-902D-8FF51171ED34}.Template|x86.ActiveCfg = Template|Win32
		{32A116B2-404B-4753-902D-8FF51171ED34}.Template|x86.Build.0 = Template|Win32
		{D8E2AFC3-B3F2-4767-B013-D0086A1EEF43}.Debug|x86.ActiveCfg = Debug|Win32
		{D8E2AFC3-B3F2-4767-B013-D0086A1EEF43}.Debug|x86.Build.0 = Debug|Win32
		{D8E2AFC3-B3F2-4767-B013-D0086A1EEF43}.Release|x86.ActiveCfg = Release|Win32
		{D8E2AFC3-B3F2-4767-B013-D0086A1EEF43}.Release|x86.Build.0 = Release|Win32
		{D8E2AFC3-B3F2-4767-B013-D0086A1EEF43}.Template|x86.ActiveCfg = Template|Win32
		{D8E2AFC3-B3F2-4767-B013-D0086A1EEF43}.Template|x86.Build.0 = Template|Win32
		{825F0802-7333-4098-B451-E057CCB48C09}.Debug|x86.ActiveCfg = Debug|Win32
		{825F0802-7333-4098-B451-E057CCB48C09}.Debug|x86.Build.0 = Debug|Win32
		{825F0802-7333-4098-B451-E057CCB48C09}.Release|x86.ActiveCfg = Release|Win32
		{825F0802-7333-4098-B451-E057CCB48C09}.Release|x86.Build.0 = Release|Win32
		{825F0802-7333-4098-B451-E057CCB48C09}.Template|x86.ActiveCfg = Template|Win32
		{825F0802-7333-4098-B451-E057CCB48C09}.Template|x86.Build.0 = Template|Win32
		{227E1312-E3D1-492F-BF17-11873DA4C828}.Debug|x86.ActiveCfg = Debug|Win32
		{227E1312-E3D1-492F-BF17-11873DA4C828}.Debug|x86.Build.0 = Debug|Win32
		{227E1312-E3D1-492F-BF17-11873DA4C828}.Release|x86.ActiveCfg = Release|Win32
		{227E1312-E3D1-492F-BF17-11873DA4C828}.Release|x86.Build.0 = Release|Win32
		{227E1312-E3D1-492F-BF17-11873DA4C828}.Template|x86.ActiveCfg = Template|Win32
		{227E1312-E3D1-492F-BF17-11873DA4C828}.Template|x86.Build.0 = Template|Win32
		{E3FA3DE8-E47F-4DD5-BBEE-D5988F9A4744}.Debug|x86.ActiveCfg = Debug|Win32
		{E3FA3DE8-E47F-4DD5-BBEE-D5988F9A4744}.Debug|x86.Build.0 = Debug|Win32
		{E3FA3DE8-E47F-4DD5-BBEE-D5988F9A4744}.Release|x86.ActiveCfg = Release|Win32
		{E3FA3DE8-E47F-4DD5-BBEE-D5988F9A4744}.Release|x86.Build.0 = Release|Win32
		{E3FA3DE8-E47F-4DD5-BBEE-D5988F9A4744}.Template|x86.ActiveCfg = Template|Win32
		{E3FA3DE8-E47F-4DD5-BBEE-D5988F9A4744}.Template|x86.Build.0 = Template|Win32
		{E9A878B8-498B-482A-A8F8-74EF9F9560FE}.Debug|x86.ActiveCfg = Debug|Win32
		{E9A878B8-498B-482A-A8F8-74EF9F9560FE}.Debug|x86.Build.0 = Debug|Win32
		{E9A878B8-498B-482A-A8F8-74EF9F9560FE}.Release|x86.ActiveCfg = Release|Win32
		{E9A878B8-498B-482A-A8F8-74EF9F9560FE}.Release|x86.Build.0 = Release|Win32
		{E9A878B8-498B-482A-A8F8-74EF9F9560FE}.Template|x86.ActiveCfg = Template|Win32
		{E9A878B8-498B-482A-A8F8-74EF9F9560FE}.Template|x86.Build.0 = Template|Win32
		{AD4F1DCE-218F-46D9-B3BB-EFF8E47BD796}.Debug|x86.ActiveCfg = Debug|Win32
		{AD4F1DCE-218F-46D9-B3BB-EFF8E47BD796}.Debug|x86.Build.0 = Debug|Win32
		{AD4F1DCE-218F-46D9-B3BB-EFF8E47BD796}.Release|x86.ActiveCfg = Release|Win32
		{AD4F1DCE-218F-46D9-B3BB-EFF8E47BD796}.Release|x86.Build.0 = Release|Win32
		{AD4F1DCE-218F-46D9-B3BB-EFF8E47BD796}.Template|x86.ActiveCfg = Template|Win32
		{AD4F1DCE-218F-46D9-B3BB-EFF8E47BD796}.Template|x86.Build.0 = Template|Win32
		{FA4926E0-2D87-443F-B21A-40E2A7C6CDAD}.Debug|x86.ActiveCfg = Debug|Win32
		{FA4926E0-2D87-443F-B21A-40E2A7C6CDAD}.Debug|x86.Build.0 = Debug|Win32
		{FA4926E0-2D87-443F-B21A-40E2A7C6CDAD}.Release|x86.ActiveCfg = Release|Win32
		{FA4926E0-2D87-443F-B21A-40E2A7C6CDAD}.Release|x86.Build.0 = Release|Win32
		{FA4926E0-2D87-443F-B21A-40E2A7C6CDAD}.Template|x86.ActiveCfg = Template|Win32
		{FA4926E0-2D87-443F-B21A-40E2A7C6CDAD}.Template|x86.Build.0 = Template|Win32
		{5B619077-C166-447B-BD9A-D3AD14B9F635}.Debug|x86.ActiveCfg = Debug|Win32
		{5B619077-C166-447B-BD9A-D3AD14B9F635}.Debug|x86.Build.0 = Debug|Win32
		{5B619077-C166-447B-BD9A-D3AD14B9F635}.Release|x86.ActiveCfg = Release|Win32
		{5B619077-C166-447B-BD9A-D3AD14B9F635}.Release|x86.Build.0 = Release|Win32
		{5B619077-C166-447B-BD9A-D3AD14B9F635}.Template|x86.ActiveCfg = Template|Win32
		{5B619077-C166-447B-BD9A-D3AD14B9F635}.Template|x86.Build.0 = Template|Win32
		{F2088DAB-70C1-4DE7-B343-15D6DF3BA017}.Debug|x86.ActiveCfg = Debug|Win32
		{F2088DAB-70C1-4DE7-B343-15D6DF3BA017}.Debug|x86.Build.0 = Debug|Win32
		{F2088DAB-70C1-4DE7-B343-15D6DF3BA017}.Release|x86.ActiveCfg = Release|Win32
		{F2088DAB-70C1-4DE7-B343-15D6DF3BA017}.Release|x86.Build.0 = Release|Win32
		{F2088DAB-70C1-4DE7-B343-15D6DF3BA017}.Template|x86.ActiveCfg = Template|Win32
		{F2088DAB-70C1-4DE7-B343-15D6DF3BA017}.Template|x86.Build.0 = Template|Win32
		{52EB170F-4E4C-4C83-8A92-E7AE44793A99}.Debug|x86.ActiveCfg = Debug|Win32
		{52EB170F-4E4C-4C83-8A92-E7AE44793A99}.Debug|x86.Build.0 = Debug|Win32
		{52EB170F-4E4C-4C83-8A92-E7AE44793A99}.Release|x86.ActiveCfg = Release|Win32
		{52EB170F-4E4C-4C83-8A92-E7AE44793A99}.Release|x86.Build.0 = Release|Win32
		{52EB170F-4E4C-4C83-8A92-E7AE44793A99}.Template|x86.ActiveCfg = Template|Win32
		{52EB170F-4E4C-4C83-8A92-E7AE44793A99}.Template|x86.Build.0 = Template|Win32
		{2FA2F0BB-B218-44E9-850A-27AEECD046DC}.Debug|x86.ActiveCfg = Debug|Win32
		{2FA2F0BB-B218-44E9-850A-27AEECD046DC}.Debug|x86.Build.0 = Debug|Win32
		{2FA2F0BB-B218-44E9-850A-27AEECD046DC}.Release|x86.ActiveCfg = Release|Win32
		{2FA2F0BB-B218-44E9-850A-27AEECD046DC}.Release|x86.Build.0 = Release|Win32
		{2FA2F0BB-B218-44E9-850A-27AEECD046DC}.Template|x86.ActiveCfg = Template|Win32
		{2FA2F0BB-B218-44E9-850A-27AEECD046DC}.Template|x86.Build.0 = Template|Win32
		{D6AE6283-A506-4AD8-B7A8-7D6B57F65591}.Debug|x86.ActiveCfg = Debug|Win32
		{D6AE6283-A506-4AD8-B7A8-7D6B57F65591}.Debug|x86.Build.0 = Debug|Win32
		{D6AE6283-A506-4AD8-B7A8-7D6B57F65591}.Release|x86.ActiveCfg = Release|Win32
		{D6AE6283-A506-4AD8-B7A8-7D6B57F65591}.Release|x86.Build.0 = Release|Win32
		{D6AE6283-A506-4AD8-B7A8-7D6B57F65591}.Template|x86.ActiveCfg = Template|Win32
		{D6AE6283-A506-4AD8-B7A8-7D6B57F65591}.Template|x86.Build.0 = Template|Win32
		{54D4CE9A-8977-4646-A1DA-352D997EC86B}.Debug|x86.ActiveCfg = Debug|Win32
		{54D4CE9A-8977-4646-A1DA-352D997EC86B}.Debug|x86.Build.0 = Debug|Win32
		{54D4CE9A-8977-4646-A1DA-352D997EC86B}.Release|x86.ActiveCfg = Release|Win32
		{54D4CE9A-8977-4646-A1DA-352D997EC86B}.Release|x86.Build.0 = Release|Win32
		{54D4CE9A-8977-4646-A1DA-352D997EC86B}.Template|x86.ActiveCfg = Template|Win32
		{54D4CE9A-8977-4646-A1DA-352D997EC86B}.Template|x86.Build.0 = Template|Win32
		{666DA3D6-D2E3-4879-8CFF-2E866191BA52}.Debug|x86.ActiveCfg = Debug|Win32
		{666DA3D6-D2E3-4879-8CFF-2E866191BA52}.Debug|x86.Build.0 = Debug|Win32
		{666DA3D6-D2E3-4879-8CFF-2E866191BA52}.Release|x86.ActiveCfg = Release|Win32
		{666DA3D6-D2E3-4879-8CFF-2E866191BA52}.Release|x86.Build.0 = Release|Win32
		{666DA3D6-D2E3-4879-8CFF-2E866191BA52}.Template|x86.ActiveCfg = Template|Win32
		{666DA3D6-D2E3-4879-8CFF-2E866191BA52}.Template|x86.Build.0 = Template|Win32
		{447F14C6-7514-49FE-A1B7-2CF58E93089B}.Debug|x86.ActiveCfg = Debug|Win32
		{447F14C6-7514-49FE-A1B7-2CF58E93089B}.Debug|x86.Build.0 = Debug|Win32
		{447F14C6-7514-49FE-A1B7-2CF58E93089B}.Release|x86.ActiveCfg = Release|Win32
		{447F14C6-7514-49FE-A1B7-2CF58E93089B}.Release|x86.Build.0 = Release|Win32
		{447F14C6-7514-49FE-A1B7-2CF58E93089B}.Template|x86.ActiveCfg = Template|Win32
		{447F14C6-7514-49FE-A1B7-2CF58E93089B}.Template|x86.Build.0 = Template|Win32
		{5C42E410-DF25-40A1-A69B-E9FF5BCF84C3}.Debug|x86.ActiveCfg = Debug|Win32
		{5C42E410-DF25-40A1-A69B-E9FF5BCF84C3}.Debug|x86.Build.0 = Debug|Win32
		{5C42E410-DF25-40A1-A69B-E9FF5BCF84C3}.Release|x86.ActiveCfg = Release|Win32
		{5C42E410-DF25-40A1-A69B-E9FF5BCF84C3}.Release|x86.Build.0 = Release|Win32
		{5C42E410-DF25-40A1-A69B-E9FF5BCF84C3}.Template|x86.ActiveCfg = Template|Win32
		{5C42E410-DF25-40A1-A69B-E9FF5BCF84C3}.Template|x86.Build.0 = Template|Win32
		{66F1856B-57D3-4929-958B-E3A3377F0AA1}.Debug|x86.ActiveCfg = Debug|Win32
		{66F1856B-57D3-4929-958B-E3A3377F0AA1}.Debug|x86.Build.0 = Debug|Win32
		{66F1856B-57D3-4929-958B-E3A3377F0AA1}.Release|x86.ActiveCfg = Release|Win32
		{66F1856B-57D3-4929-958B-E3A3377F0AA1}.Release|x86.Build.0 = Release|Win32
		{66F1856B-57D3-4929-958B-E3A3377F0AA1}.Template|x86.ActiveCfg = Template|Win32
		{66F1856B-57D3-4929-958B-E3A3377F0AA1}.Template|x86.Build.0 = Template|Win32
		{9D420A22-BEB9-4350-9941-AFE62E1A7B6C}.Debug|x86.ActiveCfg = Debug|Win32
		{9D420A22-BEB9-4350-9941-AFE62E1A7B6C}.Debug|x86.Build.0 = Debug|Win32
		{9D420A22-BEB9-4350-9941-AFE62E1A7B6C}.Release|x86.ActiveCfg = Release|Win32
		{9D420A22-BEB9-4350-9941-AFE62E1A7B6C}.Release|x86.Build.0 = Release|Win32
		{9D420A22-BEB9-4350-9941-AFE62E1A7B6C}.Template|x86.ActiveCfg = Template|Win32
		{9D420A22-BEB9-4350-9941-AFE62E1A7B6C}.Template|x86.Build.0 = Template|Win32
		{5504217B-0BAB-444D-8A1E-345A163AE24A}.Debug|x86.ActiveCfg = Debug|Win32
		{5504217B-0BAB-444D-8A1E-345A163AE24A}.Debug|x86.Build.0 = Debug|Win32
		{5504217B-0BAB-444D-8A1E-345A163AE24A}.Release|x86.ActiveCfg = Release|Win32
		{5504217B-0BAB-444D-8A1E-345A163AE24A}.Release|x86.Build.0 = Release|Win32
		{5504217B-0BAB-444D-8A1E-345A163AE24A}.Template|x86.ActiveCfg = Template|Win32
		{5504217B-0BAB-444D-8A1E-345A163AE24A}.Template|x86.Build.0 = Template|Win32
		{D9E97997-45A0-433C-BD6A-56CC0F9CA726}.Debug|x86.ActiveCfg = Debug|Win32
		{D9E97997-45A0-433C-BD6A-56CC0F9CA726}.Debug|x86.Build.0 = Debug|Win32
		{D9E97997-45A0-433C-BD6A-56CC0F9CA726}.Release|x86.ActiveCfg = Release|Win32
		{D9E97997-45A0-433C-BD6A-56CC0F9CA726}.Release|x86.Build.0 = Release|Win32
		{D9E97997-45A0-433C-BD6A-56CC0F9CA726}.Template|x86.ActiveCfg = Template|Win32
		{D9E97997-45A0-433C-BD6A-56CC0F9CA726}.Template|x86.Build.0 = Template|Win32
		{4A62A945-4687-4F3F-8948-6A9BEE3A2165}.Debug|x86.ActiveCfg = Debug|Win32
		{4A62A945-4687-4F3F-8948-6A9BEE3A2165}.Debug|x86.Build.0 = Debug|Win32
		{4A62A945-4687-4F3F-8948-6A9BEE3A2165}.Release|x86.ActiveCfg = Release|Win32
		{4A62A945-4687-4F3F-8948-6A9BEE3A2165}.Release|x86.Build.0 = Release|Win32
		{4A62A945-4687-4F3F-8948-6A9BEE3A2165}.Template|x86.ActiveCfg = Template|Win32
		{4A62A945-4687-4F3F-8948-6A9BEE3A2165}.Template|x86.Build.0 = Template|Win32
		{7E2D2B27-1C6C-4A8F-AA8A-481B729B36F8}.Debug|x86.ActiveCfg = Debug|Win32
		{7E2D2B27-1C6C-4A8F-AA8A-481B729B36F8}.Debug|x86.Build.0 = Debug|Win32
		{7E2D2B27-1C6C-4A8F-AA8A-481B729B36F8}.Release|x86.ActiveCfg = Release|Win32
		{7E2D2B27-1C6C-4A8F-AA8A-481B729B36F8}.Release|x86.Build.0 = Release|Win32
		{7E2D2B27-1C6C-4A8F-AA8A-481B729B36F8}.Template|x86.ActiveCfg = Template|Win32
		{7E2D2B27-1C6C-4A8F-AA8A-481B729B36F8}.Template|x86.Build.0 = Template|Win32
		{43EC6A05-F93F-4AB3-8620-4D66415F0D66}.Debug|x86.ActiveCfg = Debug|Win32
		{43EC6A05-F93F-4AB3-8620-4D66415F0D66}.Debug|x86.Build.0 = Debug|Win32
		{43EC6A05-F93F-4AB3-8620-4D66415F0D66}.Release|x86.ActiveCfg = Release|Win32
		{43EC6A05-F93F-4AB3-8620-4D66415F0D66}.Release|x86.Build.0 = Release|Win32
		{43EC6A05-F93F-4AB3-8620-4D66415F0D66}.Template|x86.ActiveCfg = Template|Win32
		{43EC6A05-F93F-4AB3-8620-4D66415F0D66}.Template|x86.Build.0 = Template|Win32
		{8F4B600F-7738-4951-81DC-BD6C27E4DE72}.Debug|x86.ActiveCfg = Debug|Win32
		{8F4B600F-7738-4951-81DC-BD6C27E4DE72}.Debug|x86.Build.0 = Debug|Win32
		{8F4B600F-7738-4951-81DC-BD6C27E4DE72}.Release|x86.ActiveCfg = Release|Win32
		{8F4B600F-7738-4951-81DC-BD6C27E4DE72}.Release|x86.Build.0 = Release|Win32
		{8F4B600F-7738-4951-81DC-BD6C27E4DE72}.Template|x86.ActiveCfg = Template|Win32
		{8F4B600F-7738-4951-81DC-BD6C27E4DE72}.Template|x86.Build.0 = Template|Win32
	EndGlobalSection
	GlobalSection(SolutionProperties) = preSolution
		HideSolutionNode = FALSE
	EndGlobalSection
EndGlobal
