<?xml version="1.0" encoding="utf-8"?>
<Project ToolsVersion="4.0" xmlns="http://schemas.microsoft.com/developer/msbuild/2003">
  <ItemGroup>
    <Filter Include="Source Files">
      <UniqueIdentifier>{4FC737F1-C7A5-4376-A066-2A32D752A2FF}</UniqueIdentifier>
      <Extensions>cpp;c;cc;cxx;def;odl;idl;hpj;bat;asm;asmx</Extensions>
    </Filter>
    <Filter Include="Header Files">
      <UniqueIdentifier>{93995380-89BD-4b04-88EB-625FBE52EBFB}</UniqueIdentifier>
      <Extensions>h;hh;hpp;hxx;hm;inl;inc;xsd</Extensions>
    </Filter>
    <Filter Include="Resource Files">
      <UniqueIdentifier>{67DA6AB6-F800-4c08-8B7A-83BB121AAD01}</UniqueIdentifier>
      <Extensions>rc;ico;cur;bmp;dlg;rc2;rct;bin;rgs;gif;jpg;jpeg;jpe;resx;tiff;tif;png;wav;mfcribbon-ms</Extensions>
    </Filter>
    <Filter Include="Source Files\Rozdział 4">
      <UniqueIdentifier>{b3303d3b-be4d-4d85-b684-748a8c79b3b5}</UniqueIdentifier>
    </Filter>
    <Filter Include="Source Files\Rozdział 5">
      <UniqueIdentifier>{6225e8cd-c5eb-4adf-b58e-c5e7c63d9961}</UniqueIdentifier>
    </Filter>
  </ItemGroup>
  <ItemGroup>
    <Text Include="ReadMe.txt" />
  </ItemGroup>
  <ItemGroup>
    <ClInclude Include="stdafx.h">
      <Filter>Header Files</Filter>
    </ClInclude>
    <ClInclude Include="targetver.h">
      <Filter>Header Files</Filter>
    </ClInclude>
    <ClInclude Include="Praca_domowa_21.h">
      <Filter>Header Files</Filter>
    </ClInclude>
    <ClInclude Include="Praca_domowa_11.h">
      <Filter>Header Files</Filter>
    </ClInclude>
    <ClInclude Include="Praca_domowa_5.h">
      <Filter>Header Files</Filter>
    </ClInclude>
    <ClInclude Include="Praca_domowa_19.h">
      <Filter>Source Files\Rozdział 4</Filter>
    </ClInclude>
    <ClInclude Include="Praca_domowa_20.h">
      <Filter>Source Files\Rozdział 4</Filter>
    </ClInclude>
    <ClInclude Include="Tools.h">
      <Filter>Source Files\Rozdział 4</Filter>
    </ClInclude>
    <ClInclude Include="Rozdział_5\Wypróbuj_Rozdział_5.h">
      <Filter>Header Files</Filter>
    </ClInclude>
    <ClInclude Include="Rozdział_5\Cwiczenia.h">
      <Filter>Header Files</Filter>
    </ClInclude>
    <ClInclude Include="Rozdział_5\Praca_domowa.h">
      <Filter>Header Files</Filter>
    </ClInclude>
  </ItemGroup>
  <ItemGroup>
    <ClCompile Include="main.cpp">
      <Filter>Source Files\Rozdział 4</Filter>
    </ClCompile>
    <ClCompile Include="Praca_domowa_5.cpp">
      <Filter>Source Files\Rozdział 4</Filter>
    </ClCompile>
    <ClCompile Include="Praca_domowa_11.cpp">
      <Filter>Source Files\Rozdział 4</Filter>
    </ClCompile>
    <ClCompile Include="Praca_domowa_19.cpp">
      <Filter>Source Files\Rozdział 4</Filter>
    </ClCompile>
    <ClCompile Include="Praca_domowa_20.cpp">
      <Filter>Source Files\Rozdział 4</Filter>
    </ClCompile>
    <ClCompile Include="Praca_domowa_21.cpp">
      <Filter>Source Files\Rozdział 4</Filter>
    </ClCompile>
    <ClCompile Include="stdafx.cpp">
      <Filter>Source Files\Rozdział 4</Filter>
    </ClCompile>
    <ClCompile Include="Tools.cpp">
      <Filter>Source Files\Rozdział 4</Filter>
    </ClCompile>
    <ClCompile Include="Rozdział_5\Wypróbuj_Rozdział_5.cpp">
      <Filter>Source Files</Filter>
    </ClCompile>
    <ClCompile Include="Rozdział_5\Cwiczenia.cpp">
      <Filter>Source Files</Filter>
    </ClCompile>
    <ClCompile Include="Rozdział_5\Praca_domowa.cpp">
      <Filter>Source Files</Filter>
    </ClCompile>
  </ItemGroup>
</Project>